version = 1
revision = 3
requires-python = ">=3.11"
resolution-markers = [
    "sys_platform == 'win32'",
    "sys_platform == 'darwin'",
]
supported-markers = [
    "sys_platform == 'win32'",
    "sys_platform == 'darwin'",
]

[[package]]
name = "monkeybrain"
version = "0.2.4"
source = { registry = "https://pypi.org/simple" }
dependencies = [
    { name = "python-dotenv", marker = "sys_platform == 'darwin' or sys_platform == 'win32'" },
]
sdist = { url = "https://files.pythonhosted.org/packages/b7/23/dfa6565573c81d85baa5bfe1eeeb85d34455adb77646ca0aa77c46a8a599/monkeybrain-0.2.4.tar.gz", hash = "sha256:b2c7474dcc50e46dba83548ee51eef13ac94be57f8d13a20c230fbd3d27f3b37", size = 5407, upload-time = "2025-11-24T09:05:34.039Z" }
wheels = [
    { url = "https://files.pythonhosted.org/packages/ad/f4/9f87207dacbc16870b68ecef9e75bf6d01342010254f4568eb296e5edf85/monkeybrain-0.2.4-py3-none-any.whl", hash = "sha256:847f4aed036974b14fbdecee4acc13abbc980779a636af04c625032caffce64c", size = 5741, upload-time = "2025-11-24T09:05:32.959Z" },
]

[[package]]
name = "python-dotenv"
version = "1.2.1"
source = { registry = "https://pypi.org/simple" }
sdist = { url = "https://files.pythonhosted.org/packages/f0/26/19cadc79a718c5edbec86fd4919a6b6d3f681039a2f6d66d14be94e75fb9/python_dotenv-1.2.1.tar.gz", hash = "sha256:42667e897e16ab0d66954af0e60a9caa94f0fd4ecf3aaf6d2d260eec1aa36ad6", size = 44221, upload-time = "2025-10-26T15:12:10.434Z" }
wheels = [
    { url = "https://files.pythonhosted.org/packages/14/1b/a298b06749107c305e1fe0f814c6c74aea7b2f1e10989cb30f544a1b3253/python_dotenv-1.2.1-py3-none-any.whl", hash = "sha256:b81ee9561e9ca4004139c6cbba3a238c32b03e4894671e181b671e8cb8425d61", size = 21230, upload-time = "2025-10-26T15:12:09.109Z" },
]

[[package]]
name = "td-uvmanagedprefab"
version = "0.0.1"
source = { virtual = "." }
dependencies = [
    { name = "tdp-touchutilcollection", marker = "sys_platform == 'darwin' or sys_platform == 'win32'" },
]

[package.dev-dependencies]
dev = [
    { name = "monkeybrain", marker = "sys_platform == 'darwin' or sys_platform == 'win32'" },
]

[package.metadata]
requires-dist = [{ name = "tdp-touchutilcollection", specifier = ">=0.6.0" }]

[package.metadata.requires-dev]
dev = [{ name = "monkeybrain", specifier = ">=0.2.4" }]

[[package]]
name = "tdp-touchutilcollection"
version = "0.6.0"
source = { registry = "https://pypi.org/simple" }
sdist = { url = "https://files.pythonhosted.org/packages/76/56/cbca5cfb68cc9615de7eaf5e837c5f61c201a93ec1fd6d25e95fcd069a23/tdp_touchutilcollection-0.6.0.tar.gz", hash = "sha256:540a75afc4b55f5bec360eb2979dda3b7b6b378a81ed5dc8d2bc202feecbb72c", size = 11503, upload-time = "2025-11-21T21:45:33.809Z" }
wheels = [
    { url = "https://files.pythonhosted.org/packages/33/ec/ef62c0df6f5aa5dc7f3a89bc3734050442e29efec3f86d9bd224a9333b8e/tdp_touchutilcollection-0.6.0-py3-none-any.whl", hash = "sha256:9381e4ce54b653cf75fb57fbe9473b7e1c56f1e945746cdd790d97c5bb6ceb7c", size = 15719, upload-time = "2025-11-21T21:45:32.563Z" },
]
